
Microsoft Visual Studio Solution File, Format Version 12.00
# Visual Studio Version 17
VisualStudioVersion = 17.11.35303.130
MinimumVisualStudioVersion = 10.0.40219.1
Project("{2150E333-8FDC-42A3-9474-1A3956D46DE8}") = "Applications", "Applications", "{4D27F233-4A4E-40DB-9EC5-F3437C62BC01}"
EndProject
Project("{2150E333-8FDC-42A3-9474-1A3956D46DE8}") = "Libraries", "Libraries", "{B5E366ED-5D47-49EE-9F72-85142489255C}"
EndProject
Project("{9A19103F-16F7-4668-BE54-9A1E7A4F7556}") = "SV21T1020001.DomainModels", "SV21T1020001.DomainModels\SV21T1020001.DomainModels.csproj", "{716F951D-736C-4A09-A6A3-740EA4DD03D5}"
EndProject
Project("{9A19103F-16F7-4668-BE54-9A1E7A4F7556}") = "SV21T1020001.DataLayers", "SV21T1020001.DataLayers\SV21T1020001.DataLayers.csproj", "{567AE341-4236-466F-A95B-47B955BD0CAD}"
EndProject
Project("{9A19103F-16F7-4668-BE54-9A1E7A4F7556}") = "SV21T1020001.BusinessLayers", "SV21T1020001BusinessLayers\SV21T1020001.BusinessLayers.csproj", "{EC650E6F-3A16-4903-BBC8-9C02740C8C0C}"
EndProject
Project("{9A19103F-16F7-4668-BE54-9A1E7A4F7556}") = "SV21T1020001.Shop", "SV21T1020001.Shop\SV21T1020001.Shop.csproj", "{C1A9A654-9BEA-47C4-971E-8B0A28D80DF6}"
EndProject
Project("{9A19103F-16F7-4668-BE54-9A1E7A4F7556}") = "SV21T1020001.Web", "SV21T1020001.Web\SV21T1020001.Web.csproj", "{7606D158-2563-4D3E-BAFD-CB55F86BA570}"
EndProject
Global
	GlobalSection(SolutionConfigurationPlatforms) = preSolution
		Debug|Any CPU = Debug|Any CPU
		Release|Any CPU = Release|Any CPU
	EndGlobalSection
	GlobalSection(ProjectConfigurationPlatforms) = postSolution
		{716F951D-736C-4A09-A6A3-740EA4DD03D5}.Debug|Any CPU.ActiveCfg = Debug|Any CPU
		{716F951D-736C-4A09-A6A3-740EA4DD03D5}.Debug|Any CPU.Build.0 = Debug|Any CPU
		{716F951D-736C-4A09-A6A3-740EA4DD03D5}.Release|Any CPU.ActiveCfg = Release|Any CPU
		{716F951D-736C-4A09-A6A3-740EA4DD03D5}.Release|Any CPU.Build.0 = Release|Any CPU
		{567AE341-4236-466F-A95B-47B955BD0CAD}.Debug|Any CPU.ActiveCfg = Debug|Any CPU
		{567AE341-4236-466F-A95B-47B955BD0CAD}.Debug|Any CPU.Build.0 = Debug|Any CPU
		{567AE341-4236-466F-A95B-47B955BD0CAD}.Release|Any CPU.ActiveCfg = Release|Any CPU
		{567AE341-4236-466F-A95B-47B955BD0CAD}.Release|Any CPU.Build.0 = Release|Any CPU
		{EC650E6F-3A16-4903-BBC8-9C02740C8C0C}.Debug|Any CPU.ActiveCfg = Debug|Any CPU
		{EC650E6F-3A16-4903-BBC8-9C02740C8C0C}.Debug|Any CPU.Build.0 = Debug|Any CPU
		{EC650E6F-3A16-4903-BBC8-9C02740C8C0C}.Release|Any CPU.ActiveCfg = Release|Any CPU
		{EC650E6F-3A16-4903-BBC8-9C02740C8C0C}.Release|Any CPU.Build.0 = Release|Any CPU
		{C1A9A654-9BEA-47C4-971E-8B0A28D80DF6}.Debug|Any CPU.ActiveCfg = Debug|Any CPU
		{C1A9A654-9BEA-47C4-971E-8B0A28D80DF6}.Debug|Any CPU.Build.0 = Debug|Any CPU
		{C1A9A654-9BEA-47C4-971E-8B0A28D80DF6}.Release|Any CPU.ActiveCfg = Release|Any CPU
		{C1A9A654-9BEA-47C4-971E-8B0A28D80DF6}.Release|Any CPU.Build.0 = Release|Any CPU
		{7606D158-2563-4D3E-BAFD-CB55F86BA570}.Debug|Any CPU.ActiveCfg = Debug|Any CPU
		{7606D158-2563-4D3E-BAFD-CB55F86BA570}.Debug|Any CPU.Build.0 = Debug|Any CPU
		{7606D158-2563-4D3E-BAFD-CB55F86BA570}.Release|Any CPU.ActiveCfg = Release|Any CPU
		{7606D158-2563-4D3E-BAFD-CB55F86BA570}.Release|Any CPU.Build.0 = Release|Any CPU
	EndGlobalSection
	GlobalSection(SolutionProperties) = preSolution
		HideSolutionNode = FALSE
	EndGlobalSection
	GlobalSection(NestedProjects) = preSolution
		{716F951D-736C-4A09-A6A3-740EA4DD03D5} = {B5E366ED-5D47-49EE-9F72-85142489255C}
		{567AE341-4236-466F-A95B-47B955BD0CAD} = {B5E366ED-5D47-49EE-9F72-85142489255C}
		{EC650E6F-3A16-4903-BBC8-9C02740C8C0C} = {B5E366ED-5D47-49EE-9F72-85142489255C}
		{C1A9A654-9BEA-47C4-971E-8B0A28D80DF6} = {4D27F233-4A4E-40DB-9EC5-F3437C62BC01}
		{7606D158-2563-4D3E-BAFD-CB55F86BA570} = {4D27F233-4A4E-40DB-9EC5-F3437C62BC01}
	EndGlobalSection
	GlobalSection(ExtensibilityGlobals) = postSolution
		SolutionGuid = {B8552878-C021-4476-894C-3C8A2F292642}
	EndGlobalSection
EndGlobal
